
Microsoft Visual Studio Solution File, Format Version 12.00
# Visual Studio Version 17
VisualStudioVersion = 17.3.32804.467
MinimumVisualStudioVersion = 10.0.40219.1
Project("{FAE04EC0-301F-11D3-BF4B-00C04F79EFBC}") = "ProvhanteraV2", "ProvhanteraV2\ProvhanteraV2.csproj", "{EFB1C03B-5913-4E8E-A7A5-1D4B115D657F}"
EndProject
Global
	GlobalSection(SolutionConfigurationPlatforms) = preSolution
		Debug|Any CPU = Debug|Any CPU
		Release|Any CPU = Release|Any CPU
	EndGlobalSection
	GlobalSection(ProjectConfigurationPlatforms) = postSolution
		{EFB1C03B-5913-4E8E-A7A5-1D4B115D657F}.Debug|Any CPU.ActiveCfg = Debug|Any CPU
		{EFB1C03B-5913-4E8E-A7A5-1D4B115D657F}.Debug|Any CPU.Build.0 = Debug|Any CPU
		{EFB1C03B-5913-4E8E-A7A5-1D4B115D657F}.Release|Any CPU.ActiveCfg = Release|Any CPU
		{EFB1C03B-5913-4E8E-A7A5-1D4B115D657F}.Release|Any CPU.Build.0 = Release|Any CPU
	EndGlobalSection
	GlobalSection(SolutionProperties) = preSolution
		HideSolutionNode = FALSE
	EndGlobalSection
	GlobalSection(ExtensibilityGlobals) = postSolution
		SolutionGuid = {BAF38DD3-170E-4FC8-ADB9-0D5ADA928593}
	EndGlobalSection
EndGlobal
